
Microsoft Visual Studio Solution File, Format Version 12.00
# Visual Studio Version 17
VisualStudioVersion = 17.1.32319.34
MinimumVisualStudioVersion = 10.0.40219.1
Project("{9A19103F-16F7-4668-BE54-9A1E7A4F7556}") = "Gas_Station.Server", "Gas_Station\Server\Gas_Station.Server.csproj", "{5EB6B3C6-EA34-4FA6-8D6C-1B6FC0028CEB}"
EndProject
Project("{9A19103F-16F7-4668-BE54-9A1E7A4F7556}") = "Gas_Station.Client", "Gas_Station\Client\Gas_Station.Client.csproj", "{08BE7532-E1BD-4468-A76D-264E1F99FBA9}"
EndProject
Project("{9A19103F-16F7-4668-BE54-9A1E7A4F7556}") = "Gas_Station.Shared", "Gas_Station\Shared\Gas_Station.Shared.csproj", "{6313AABA-AD46-4DAF-B43F-E4444E3DCA08}"
EndProject
Project("{FAE04EC0-301F-11D3-BF4B-00C04F79EFBC}") = "Model", "Model\Model.csproj", "{6A60332E-615F-4876-AB7B-7715ECD7640C}"
EndProject
Project("{FAE04EC0-301F-11D3-BF4B-00C04F79EFBC}") = "Gas_Station.EF", "Gas_Station.EF\Gas_Station.EF.csproj", "{426AE296-50BB-46D7-89F2-276EE6F2A93A}"
EndProject
Global
	GlobalSection(SolutionConfigurationPlatforms) = preSolution
		Debug|Any CPU = Debug|Any CPU
		Release|Any CPU = Release|Any CPU
	EndGlobalSection
	GlobalSection(ProjectConfigurationPlatforms) = postSolution
		{5EB6B3C6-EA34-4FA6-8D6C-1B6FC0028CEB}.Debug|Any CPU.ActiveCfg = Debug|Any CPU
		{5EB6B3C6-EA34-4FA6-8D6C-1B6FC0028CEB}.Debug|Any CPU.Build.0 = Debug|Any CPU
		{5EB6B3C6-EA34-4FA6-8D6C-1B6FC0028CEB}.Release|Any CPU.ActiveCfg = Release|Any CPU
		{5EB6B3C6-EA34-4FA6-8D6C-1B6FC0028CEB}.Release|Any CPU.Build.0 = Release|Any CPU
		{08BE7532-E1BD-4468-A76D-264E1F99FBA9}.Debug|Any CPU.ActiveCfg = Debug|Any CPU
		{08BE7532-E1BD-4468-A76D-264E1F99FBA9}.Debug|Any CPU.Build.0 = Debug|Any CPU
		{08BE7532-E1BD-4468-A76D-264E1F99FBA9}.Release|Any CPU.ActiveCfg = Release|Any CPU
		{08BE7532-E1BD-4468-A76D-264E1F99FBA9}.Release|Any CPU.Build.0 = Release|Any CPU
		{6313AABA-AD46-4DAF-B43F-E4444E3DCA08}.Debug|Any CPU.ActiveCfg = Debug|Any CPU
		{6313AABA-AD46-4DAF-B43F-E4444E3DCA08}.Debug|Any CPU.Build.0 = Debug|Any CPU
		{6313AABA-AD46-4DAF-B43F-E4444E3DCA08}.Release|Any CPU.ActiveCfg = Release|Any CPU
		{6313AABA-AD46-4DAF-B43F-E4444E3DCA08}.Release|Any CPU.Build.0 = Release|Any CPU
		{6A60332E-615F-4876-AB7B-7715ECD7640C}.Debug|Any CPU.ActiveCfg = Debug|Any CPU
		{6A60332E-615F-4876-AB7B-7715ECD7640C}.Debug|Any CPU.Build.0 = Debug|Any CPU
		{6A60332E-615F-4876-AB7B-7715ECD7640C}.Release|Any CPU.ActiveCfg = Release|Any CPU
		{6A60332E-615F-4876-AB7B-7715ECD7640C}.Release|Any CPU.Build.0 = Release|Any CPU
		{426AE296-50BB-46D7-89F2-276EE6F2A93A}.Debug|Any CPU.ActiveCfg = Debug|Any CPU
		{426AE296-50BB-46D7-89F2-276EE6F2A93A}.Debug|Any CPU.Build.0 = Debug|Any CPU
		{426AE296-50BB-46D7-89F2-276EE6F2A93A}.Release|Any CPU.ActiveCfg = Release|Any CPU
		{426AE296-50BB-46D7-89F2-276EE6F2A93A}.Release|Any CPU.Build.0 = Release|Any CPU
	EndGlobalSection
	GlobalSection(SolutionProperties) = preSolution
		HideSolutionNode = FALSE
	EndGlobalSection
	GlobalSection(ExtensibilityGlobals) = postSolution
		SolutionGuid = {CB66D9D5-C514-4B43-B1EE-68FA981974C1}
	EndGlobalSection
EndGlobal
