
Microsoft Visual Studio Solution File, Format Version 12.00
# Visual Studio Version 17
VisualStudioVersion = 17.1.32210.238
MinimumVisualStudioVersion = 10.0.40219.1
Project("{FAE04EC0-301F-11D3-BF4B-00C04F79EFBC}") = "Session-03", "Session-03\Session-03.csproj", "{D68729FF-4DB7-414F-A8A2-0825A276899A}"
EndProject
Global
	GlobalSection(SolutionConfigurationPlatforms) = preSolution
		Debug|Any CPU = Debug|Any CPU
		Release|Any CPU = Release|Any CPU
	EndGlobalSection
	GlobalSection(ProjectConfigurationPlatforms) = postSolution
		{D68729FF-4DB7-414F-A8A2-0825A276899A}.Debug|Any CPU.ActiveCfg = Debug|Any CPU
		{D68729FF-4DB7-414F-A8A2-0825A276899A}.Debug|Any CPU.Build.0 = Debug|Any CPU
		{D68729FF-4DB7-414F-A8A2-0825A276899A}.Release|Any CPU.ActiveCfg = Release|Any CPU
		{D68729FF-4DB7-414F-A8A2-0825A276899A}.Release|Any CPU.Build.0 = Release|Any CPU
	EndGlobalSection
	GlobalSection(SolutionProperties) = preSolution
		HideSolutionNode = FALSE
	EndGlobalSection
	GlobalSection(ExtensibilityGlobals) = postSolution
		SolutionGuid = {D796F3C3-4082-4E33-938B-E7CBD53082BC}
	EndGlobalSection
EndGlobal
