
Microsoft Visual Studio Solution File, Format Version 12.00
# Visual Studio Version 17
VisualStudioVersion = 17.1.32210.238
MinimumVisualStudioVersion = 10.0.40219.1
Project("{FAE04EC0-301F-11D3-BF4B-00C04F79EFBC}") = "Session-14", "Session-14\Session-14.csproj", "{C9542C4F-3146-4770-90D0-7A7F4F8783B7}"
EndProject
Project("{FAE04EC0-301F-11D3-BF4B-00C04F79EFBC}") = "DataLibrary", "DataLibrary\DataLibrary.csproj", "{0D804AC3-B2E2-42D7-A0E6-88AA5241408A}"
EndProject
Project("{FAE04EC0-301F-11D3-BF4B-00C04F79EFBC}") = "App.EF", "App.EF\App.EF.csproj", "{6A1CB460-6DA7-403C-9EFD-2EBE1DFD61A6}"
EndProject
Global
	GlobalSection(SolutionConfigurationPlatforms) = preSolution
		Debug|Any CPU = Debug|Any CPU
		Release|Any CPU = Release|Any CPU
	EndGlobalSection
	GlobalSection(ProjectConfigurationPlatforms) = postSolution
		{C9542C4F-3146-4770-90D0-7A7F4F8783B7}.Debug|Any CPU.ActiveCfg = Debug|Any CPU
		{C9542C4F-3146-4770-90D0-7A7F4F8783B7}.Debug|Any CPU.Build.0 = Debug|Any CPU
		{C9542C4F-3146-4770-90D0-7A7F4F8783B7}.Release|Any CPU.ActiveCfg = Release|Any CPU
		{C9542C4F-3146-4770-90D0-7A7F4F8783B7}.Release|Any CPU.Build.0 = Release|Any CPU
		{0D804AC3-B2E2-42D7-A0E6-88AA5241408A}.Debug|Any CPU.ActiveCfg = Debug|Any CPU
		{0D804AC3-B2E2-42D7-A0E6-88AA5241408A}.Debug|Any CPU.Build.0 = Debug|Any CPU
		{0D804AC3-B2E2-42D7-A0E6-88AA5241408A}.Release|Any CPU.ActiveCfg = Release|Any CPU
		{0D804AC3-B2E2-42D7-A0E6-88AA5241408A}.Release|Any CPU.Build.0 = Release|Any CPU
		{6A1CB460-6DA7-403C-9EFD-2EBE1DFD61A6}.Debug|Any CPU.ActiveCfg = Debug|Any CPU
		{6A1CB460-6DA7-403C-9EFD-2EBE1DFD61A6}.Debug|Any CPU.Build.0 = Debug|Any CPU
		{6A1CB460-6DA7-403C-9EFD-2EBE1DFD61A6}.Release|Any CPU.ActiveCfg = Release|Any CPU
		{6A1CB460-6DA7-403C-9EFD-2EBE1DFD61A6}.Release|Any CPU.Build.0 = Release|Any CPU
	EndGlobalSection
	GlobalSection(SolutionProperties) = preSolution
		HideSolutionNode = FALSE
	EndGlobalSection
	GlobalSection(ExtensibilityGlobals) = postSolution
		SolutionGuid = {05A40EB8-3374-40FE-9F4E-B4C818AB95FA}
	EndGlobalSection
EndGlobal
