
Microsoft Visual Studio Solution File, Format Version 12.00
# Visual Studio Version 17
VisualStudioVersion = 17.1.32210.238
MinimumVisualStudioVersion = 10.0.40219.1
Project("{FAE04EC0-301F-11D3-BF4B-00C04F79EFBC}") = "Session-07", "Session-07\Session-07.csproj", "{C0DA2A2E-B100-4C40-A75A-993C1FCDB336}"
EndProject
Project("{FAE04EC0-301F-11D3-BF4B-00C04F79EFBC}") = "Instidute", "Instidute\Instidute.csproj", "{AEBC33EB-E96C-4063-88B0-3D17F529C5B0}"
EndProject
Global
	GlobalSection(SolutionConfigurationPlatforms) = preSolution
		Debug|Any CPU = Debug|Any CPU
		Release|Any CPU = Release|Any CPU
	EndGlobalSection
	GlobalSection(ProjectConfigurationPlatforms) = postSolution
		{C0DA2A2E-B100-4C40-A75A-993C1FCDB336}.Debug|Any CPU.ActiveCfg = Debug|Any CPU
		{C0DA2A2E-B100-4C40-A75A-993C1FCDB336}.Debug|Any CPU.Build.0 = Debug|Any CPU
		{C0DA2A2E-B100-4C40-A75A-993C1FCDB336}.Release|Any CPU.ActiveCfg = Release|Any CPU
		{C0DA2A2E-B100-4C40-A75A-993C1FCDB336}.Release|Any CPU.Build.0 = Release|Any CPU
		{AEBC33EB-E96C-4063-88B0-3D17F529C5B0}.Debug|Any CPU.ActiveCfg = Debug|Any CPU
		{AEBC33EB-E96C-4063-88B0-3D17F529C5B0}.Debug|Any CPU.Build.0 = Debug|Any CPU
		{AEBC33EB-E96C-4063-88B0-3D17F529C5B0}.Release|Any CPU.ActiveCfg = Release|Any CPU
		{AEBC33EB-E96C-4063-88B0-3D17F529C5B0}.Release|Any CPU.Build.0 = Release|Any CPU
	EndGlobalSection
	GlobalSection(SolutionProperties) = preSolution
		HideSolutionNode = FALSE
	EndGlobalSection
	GlobalSection(ExtensibilityGlobals) = postSolution
		SolutionGuid = {1B53E313-FBE2-4290-B672-18867B3584F5}
	EndGlobalSection
EndGlobal
